// !$*UTF8*$!
{
	archiveVersion = 1;
	classes = {
	};
	objectVersion = 51;
	objects = {

/* Begin PBXBuildFile section */
		56DD2F7073D8EFA5D5AA0B6A /* Pods_Daily_Jindan.framework in Frameworks */ = {isa = PBXBuildFile; fileRef = 6324989D42A70D130608BF67 /* Pods_Daily_Jindan.framework */; };
		C8CFE9B626F23A8E00323741 /* AppDelegate.swift in Sources */ = {isa = PBXBuildFile; fileRef = C8CFE9B526F23A8E00323741 /* AppDelegate.swift */; };
		C8CFE9B826F23A8E00323741 /* SceneDelegate.swift in Sources */ = {isa = PBXBuildFile; fileRef = C8CFE9B726F23A8E00323741 /* SceneDelegate.swift */; };
		C8CFE9BF26F23A9000323741 /* Assets.xcassets in Resources */ = {isa = PBXBuildFile; fileRef = C8CFE9BE26F23A9000323741 /* Assets.xcassets */; };
		C8CFE9C226F23A9000323741 /* LaunchScreen.storyboard in Resources */ = {isa = PBXBuildFile; fileRef = C8CFE9C026F23A9000323741 /* LaunchScreen.storyboard */; };
		C8CFE9CA26F318A900323741 /* LogInView.swift in Sources */ = {isa = PBXBuildFile; fileRef = C8CFE9C926F318A900323741 /* LogInView.swift */; };
		C8CFE9CC26F35D1D00323741 /* BMJUA_otf.otf in Resources */ = {isa = PBXBuildFile; fileRef = C8CFE9CB26F35D1D00323741 /* BMJUA_otf.otf */; };
		C8CFE9CE26F38E9700323741 /* GoogleService-Info.plist in Resources */ = {isa = PBXBuildFile; fileRef = C8CFE9CD26F38E9700323741 /* GoogleService-Info.plist */; };
/* End PBXBuildFile section */

/* Begin PBXFileReference section */
		6324989D42A70D130608BF67 /* Pods_Daily_Jindan.framework */ = {isa = PBXFileReference; explicitFileType = wrapper.framework; includeInIndex = 0; path = Pods_Daily_Jindan.framework; sourceTree = BUILT_PRODUCTS_DIR; };
		C8CFE9B226F23A8E00323741 /* Daily-Jindan.app */ = {isa = PBXFileReference; explicitFileType = wrapper.application; includeInIndex = 0; path = "Daily-Jindan.app"; sourceTree = BUILT_PRODUCTS_DIR; };
		C8CFE9B526F23A8E00323741 /* AppDelegate.swift */ = {isa = PBXFileReference; lastKnownFileType = sourcecode.swift; path = AppDelegate.swift; sourceTree = "<group>"; };
		C8CFE9B726F23A8E00323741 /* SceneDelegate.swift */ = {isa = PBXFileReference; lastKnownFileType = sourcecode.swift; path = SceneDelegate.swift; sourceTree = "<group>"; };
		C8CFE9BE26F23A9000323741 /* Assets.xcassets */ = {isa = PBXFileReference; lastKnownFileType = folder.assetcatalog; path = Assets.xcassets; sourceTree = "<group>"; };
		C8CFE9C126F23A9000323741 /* Base */ = {isa = PBXFileReference; lastKnownFileType = file.storyboard; name = Base; path = Base.lproj/LaunchScreen.storyboard; sourceTree = "<group>"; };
		C8CFE9C326F23A9000323741 /* Info.plist */ = {isa = PBXFileReference; lastKnownFileType = text.plist.xml; path = Info.plist; sourceTree = "<group>"; };
		C8CFE9C926F318A900323741 /* LogInView.swift */ = {isa = PBXFileReference; lastKnownFileType = sourcecode.swift; path = LogInView.swift; sourceTree = "<group>"; };
		C8CFE9CB26F35D1D00323741 /* BMJUA_otf.otf */ = {isa = PBXFileReference; lastKnownFileType = file; path = BMJUA_otf.otf; sourceTree = "<group>"; };
		C8CFE9CD26F38E9700323741 /* GoogleService-Info.plist */ = {isa = PBXFileReference; fileEncoding = 4; lastKnownFileType = text.plist.xml; path = "GoogleService-Info.plist"; sourceTree = "<group>"; };
		DC1557BB4A232089D163F87A /* Pods-Daily-Jindan.debug.xcconfig */ = {isa = PBXFileReference; includeInIndex = 1; lastKnownFileType = text.xcconfig; name = "Pods-Daily-Jindan.debug.xcconfig"; path = "Target Support Files/Pods-Daily-Jindan/Pods-Daily-Jindan.debug.xcconfig"; sourceTree = "<group>"; };
		E56EB55D60DBF76F61D56F10 /* Pods-Daily-Jindan.release.xcconfig */ = {isa = PBXFileReference; includeInIndex = 1; lastKnownFileType = text.xcconfig; name = "Pods-Daily-Jindan.release.xcconfig"; path = "Target Support Files/Pods-Daily-Jindan/Pods-Daily-Jindan.release.xcconfig"; sourceTree = "<group>"; };
/* End PBXFileReference section */

/* Begin PBXFrameworksBuildPhase section */
		C8CFE9AF26F23A8E00323741 /* Frameworks */ = {
			isa = PBXFrameworksBuildPhase;
			buildActionMask = 2147483647;
			files = (
				56DD2F7073D8EFA5D5AA0B6A /* Pods_Daily_Jindan.framework in Frameworks */,
			);
			runOnlyForDeploymentPostprocessing = 0;
		};
/* End PBXFrameworksBuildPhase section */

/* Begin PBXGroup section */
		14C365B2AF03FA841C2A5958 /* Pods */ = {
			isa = PBXGroup;
			children = (
				DC1557BB4A232089D163F87A /* Pods-Daily-Jindan.debug.xcconfig */,
				E56EB55D60DBF76F61D56F10 /* Pods-Daily-Jindan.release.xcconfig */,
			);
			path = Pods;
			sourceTree = "<group>";
		};
		54AD893458F8CE52581E2A02 /* Frameworks */ = {
			isa = PBXGroup;
			children = (
				6324989D42A70D130608BF67 /* Pods_Daily_Jindan.framework */,
			);
			name = Frameworks;
			sourceTree = "<group>";
		};
		C8CFE9A926F23A8E00323741 = {
			isa = PBXGroup;
			children = (
				C8CFE9B426F23A8E00323741 /* Daily-Jindan */,
				C8CFE9B326F23A8E00323741 /* Products */,
				14C365B2AF03FA841C2A5958 /* Pods */,
				54AD893458F8CE52581E2A02 /* Frameworks */,
			);
			sourceTree = "<group>";
		};
		C8CFE9B326F23A8E00323741 /* Products */ = {
			isa = PBXGroup;
			children = (
				C8CFE9B226F23A8E00323741 /* Daily-Jindan.app */,
			);
			name = Products;
			sourceTree = "<group>";
		};
		C8CFE9B426F23A8E00323741 /* Daily-Jindan */ = {
			isa = PBXGroup;
			children = (
				C8CFE9CB26F35D1D00323741 /* BMJUA_otf.otf */,
				C8CFE9B526F23A8E00323741 /* AppDelegate.swift */,
				C8CFE9B726F23A8E00323741 /* SceneDelegate.swift */,
				C8CFE9C926F318A900323741 /* LogInView.swift */,
				C8CFE9BE26F23A9000323741 /* Assets.xcassets */,
				C8CFE9C026F23A9000323741 /* LaunchScreen.storyboard */,
				C8CFE9C326F23A9000323741 /* Info.plist */,
				C8CFE9CD26F38E9700323741 /* GoogleService-Info.plist */,
			);
			path = "Daily-Jindan";
			sourceTree = "<group>";
		};
/* End PBXGroup section */

/* Begin PBXNativeTarget section */
		C8CFE9B126F23A8E00323741 /* Daily-Jindan */ = {
			isa = PBXNativeTarget;
			buildConfigurationList = C8CFE9C626F23A9000323741 /* Build configuration list for PBXNativeTarget "Daily-Jindan" */;
			buildPhases = (
				07B6AED0008FDE11901E4FAD /* [CP] Check Pods Manifest.lock */,
				C8CFE9AE26F23A8E00323741 /* Sources */,
				C8CFE9AF26F23A8E00323741 /* Frameworks */,
				C8CFE9B026F23A8E00323741 /* Resources */,
				94605EAEA0990140C25EAE60 /* [CP] Embed Pods Frameworks */,
			);
			buildRules = (
			);
			dependencies = (
			);
			name = "Daily-Jindan";
			productName = "Daily-Jindan";
			productReference = C8CFE9B226F23A8E00323741 /* Daily-Jindan.app */;
			productType = "com.apple.product-type.application";
		};
/* End PBXNativeTarget section */

/* Begin PBXProject section */
		C8CFE9AA26F23A8E00323741 /* Project object */ = {
			isa = PBXProject;
			attributes = {
				LastSwiftUpdateCheck = 1250;
				LastUpgradeCheck = 1250;
				TargetAttributes = {
					C8CFE9B126F23A8E00323741 = {
						CreatedOnToolsVersion = 12.5.1;
					};
				};
			};
			buildConfigurationList = C8CFE9AD26F23A8E00323741 /* Build configuration list for PBXProject "Daily-Jindan" */;
			compatibilityVersion = "Xcode 9.3";
			developmentRegion = en;
			hasScannedForEncodings = 0;
			knownRegions = (
				en,
				Base,
			);
			mainGroup = C8CFE9A926F23A8E00323741;
			productRefGroup = C8CFE9B326F23A8E00323741 /* Products */;
			projectDirPath = "";
			projectRoot = "";
			targets = (
				C8CFE9B126F23A8E00323741 /* Daily-Jindan */,
			);
		};
/* End PBXProject section */

/* Begin PBXResourcesBuildPhase section */
		C8CFE9B026F23A8E00323741 /* Resources */ = {
			isa = PBXResourcesBuildPhase;
			buildActionMask = 2147483647;
			files = (
				C8CFE9C226F23A9000323741 /* LaunchScreen.storyboard in Resources */,
				C8CFE9CE26F38E9700323741 /* GoogleService-Info.plist in Resources */,
				C8CFE9CC26F35D1D00323741 /* BMJUA_otf.otf in Resources */,
				C8CFE9BF26F23A9000323741 /* Assets.xcassets in Resources */,
			);
			runOnlyForDeploymentPostprocessing = 0;
		};
/* End PBXResourcesBuildPhase section */

/* Begin PBXShellScriptBuildPhase section */
		07B6AED0008FDE11901E4FAD /* [CP] Check Pods Manifest.lock */ = {
			isa = PBXShellScriptBuildPhase;
			buildActionMask = 2147483647;
			files = (
			);
			inputFileListPaths = (
			);
			inputPaths = (
				"${PODS_PODFILE_DIR_PATH}/Podfile.lock",
				"${PODS_ROOT}/Manifest.lock",
			);
			name = "[CP] Check Pods Manifest.lock";
			outputFileListPaths = (
			);
			outputPaths = (
				"$(DERIVED_FILE_DIR)/Pods-Daily-Jindan-checkManifestLockResult.txt",
			);
			runOnlyForDeploymentPostprocessing = 0;
			shellPath = /bin/sh;
			shellScript = "diff \"${PODS_PODFILE_DIR_PATH}/Podfile.lock\" \"${PODS_ROOT}/Manifest.lock\" > /dev/null\nif [ $? != 0 ] ; then\n    # print error to STDERR\n    echo \"error: The sandbox is not in sync with the Podfile.lock. Run 'pod install' or update your CocoaPods installation.\" >&2\n    exit 1\nfi\n# This output is used by Xcode 'outputs' to avoid re-running this script phase.\necho \"SUCCESS\" > \"${SCRIPT_OUTPUT_FILE_0}\"\n";
			showEnvVarsInLog = 0;
		};
		94605EAEA0990140C25EAE60 /* [CP] Embed Pods Frameworks */ = {
			isa = PBXShellScriptBuildPhase;
			buildActionMask = 2147483647;
			files = (
			);
			inputFileListPaths = (
				"${PODS_ROOT}/Target Support Files/Pods-Daily-Jindan/Pods-Daily-Jindan-frameworks-${CONFIGURATION}-input-files.xcfilelist",
			);
			name = "[CP] Embed Pods Frameworks";
			outputFileListPaths = (
				"${PODS_ROOT}/Target Support Files/Pods-Daily-Jindan/Pods-Daily-Jindan-frameworks-${CONFIGURATION}-output-files.xcfilelist",
			);
			runOnlyForDeploymentPostprocessing = 0;
			shellPath = /bin/sh;
			shellScript = "\"${PODS_ROOT}/Target Support Files/Pods-Daily-Jindan/Pods-Daily-Jindan-frameworks.sh\"\n";
			showEnvVarsInLog = 0;
		};
/* End PBXShellScriptBuildPhase section */

/* Begin PBXSourcesBuildPhase section */
		C8CFE9AE26F23A8E00323741 /* Sources */ = {
			isa = PBXSourcesBuildPhase;
			buildActionMask = 2147483647;
			files = (
				C8CFE9CA26F318A900323741 /* LogInView.swift in Sources */,
				C8CFE9B626F23A8E00323741 /* AppDelegate.swift in Sources */,
				C8CFE9B826F23A8E00323741 /* SceneDelegate.swift in Sources */,
			);
			runOnlyForDeploymentPostprocessing = 0;
		};
/* End PBXSourcesBuildPhase section */

/* Begin PBXVariantGroup section */
		C8CFE9C026F23A9000323741 /* LaunchScreen.storyboard */ = {
			isa = PBXVariantGroup;
			children = (
				C8CFE9C126F23A9000323741 /* Base */,
			);
			name = LaunchScreen.storyboard;
			sourceTree = "<group>";
		};
/* End PBXVariantGroup section */

/* Begin XCBuildConfiguration section */
		C8CFE9C426F23A9000323741 /* Debug */ = {
			isa = XCBuildConfiguration;
			buildSettings = {
				ALWAYS_SEARCH_USER_PATHS = NO;
				CLANG_ANALYZER_NONNULL = YES;
				CLANG_ANALYZER_NUMBER_OBJECT_CONVERSION = YES_AGGRESSIVE;
				CLANG_CXX_LANGUAGE_STANDARD = "gnu++14";
				CLANG_CXX_LIBRARY = "libc++";
				CLANG_ENABLE_MODULES = YES;
				CLANG_ENABLE_OBJC_ARC = YES;
				CLANG_ENABLE_OBJC_WEAK = YES;
				CLANG_WARN_BLOCK_CAPTURE_AUTORELEASING = YES;
				CLANG_WARN_BOOL_CONVERSION = YES;
				CLANG_WARN_COMMA = YES;
				CLANG_WARN_CONSTANT_CONVERSION = YES;
				CLANG_WARN_DEPRECATED_OBJC_IMPLEMENTATIONS = YES;
				CLANG_WARN_DIRECT_OBJC_ISA_USAGE = YES_ERROR;
				CLANG_WARN_DOCUMENTATION_COMMENTS = YES;
				CLANG_WARN_EMPTY_BODY = YES;
				CLANG_WARN_ENUM_CONVERSION = YES;
				CLANG_WARN_INFINITE_RECURSION = YES;
				CLANG_WARN_INT_CONVERSION = YES;
				CLANG_WARN_NON_LITERAL_NULL_CONVERSION = YES;
				CLANG_WARN_OBJC_IMPLICIT_RETAIN_SELF = YES;
				CLANG_WARN_OBJC_LITERAL_CONVERSION = YES;
				CLANG_WARN_OBJC_ROOT_CLASS = YES_ERROR;
				CLANG_WARN_QUOTED_INCLUDE_IN_FRAMEWORK_HEADER = YES;
				CLANG_WARN_RANGE_LOOP_ANALYSIS = YES;
				CLANG_WARN_STRICT_PROTOTYPES = YES;
				CLANG_WARN_SUSPICIOUS_MOVE = YES;
				CLANG_WARN_UNGUARDED_AVAILABILITY = YES_AGGRESSIVE;
				CLANG_WARN_UNREACHABLE_CODE = YES;
				CLANG_WARN__DUPLICATE_METHOD_MATCH = YES;
				COPY_PHASE_STRIP = NO;
				DEBUG_INFORMATION_FORMAT = dwarf;
				ENABLE_STRICT_OBJC_MSGSEND = YES;
				ENABLE_TESTABILITY = YES;
				GCC_C_LANGUAGE_STANDARD = gnu11;
				GCC_DYNAMIC_NO_PIC = NO;
				GCC_NO_COMMON_BLOCKS = YES;
				GCC_OPTIMIZATION_LEVEL = 0;
				GCC_PREPROCESSOR_DEFINITIONS = (
					"DEBUG=1",
					"$(inherited)",
				);
				GCC_WARN_64_TO_32_BIT_CONVERSION = YES;
				GCC_WARN_ABOUT_RETURN_TYPE = YES_ERROR;
				GCC_WARN_UNDECLARED_SELECTOR = YES;
				GCC_WARN_UNINITIALIZED_AUTOS = YES_AGGRESSIVE;
				GCC_WARN_UNUSED_FUNCTION = YES;
				GCC_WARN_UNUSED_VARIABLE = YES;
				IPHONEOS_DEPLOYMENT_TARGET = 14.5;
				MTL_ENABLE_DEBUG_INFO = INCLUDE_SOURCE;
				MTL_FAST_MATH = YES;
				ONLY_ACTIVE_ARCH = YES;
				SDKROOT = iphoneos;
				SWIFT_ACTIVE_COMPILATION_CONDITIONS = DEBUG;
				SWIFT_OPTIMIZATION_LEVEL = "-Onone";
			};
			name = Debug;
		};
		C8CFE9C526F23A9000323741 /* Release */ = {
			isa = XCBuildConfiguration;
			buildSettings = {
				ALWAYS_SEARCH_USER_PATHS = NO;
				CLANG_ANALYZER_NONNULL = YES;
				CLANG_ANALYZER_NUMBER_OBJECT_CONVERSION = YES_AGGRESSIVE;
				CLANG_CXX_LANGUAGE_STANDARD = "gnu++14";
				CLANG_CXX_LIBRARY = "libc++";
				CLANG_ENABLE_MODULES = YES;
				CLANG_ENABLE_OBJC_ARC = YES;
				CLANG_ENABLE_OBJC_WEAK = YES;
				CLANG_WARN_BLOCK_CAPTURE_AUTORELEASING = YES;
				CLANG_WARN_BOOL_CONVERSION = YES;
				CLANG_WARN_COMMA = YES;
				CLANG_WARN_CONSTANT_CONVERSION = YES;
				CLANG_WARN_DEPRECATED_OBJC_IMPLEMENTATIONS = YES;
				CLANG_WARN_DIRECT_OBJC_ISA_USAGE = YES_ERROR;
				CLANG_WARN_DOCUMENTATION_COMMENTS = YES;
				CLANG_WARN_EMPTY_BODY = YES;
				CLANG_WARN_ENUM_CONVERSION = YES;
				CLANG_WARN_INFINITE_RECURSION = YES;
				CLANG_WARN_INT_CONVERSION = YES;
				CLANG_WARN_NON_LITERAL_NULL_CONVERSION = YES;
				CLANG_WARN_OBJC_IMPLICIT_RETAIN_SELF = YES;
				CLANG_WARN_OBJC_LITERAL_CONVERSION = YES;
				CLANG_WARN_OBJC_ROOT_CLASS = YES_ERROR;
				CLANG_WARN_QUOTED_INCLUDE_IN_FRAMEWORK_HEADER = YES;
				CLANG_WARN_RANGE_LOOP_ANALYSIS = YES;
				CLANG_WARN_STRICT_PROTOTYPES = YES;
				CLANG_WARN_SUSPICIOUS_MOVE = YES;
				CLANG_WARN_UNGUARDED_AVAILABILITY = YES_AGGRESSIVE;
				CLANG_WARN_UNREACHABLE_CODE = YES;
				CLANG_WARN__DUPLICATE_METHOD_MATCH = YES;
				COPY_PHASE_STRIP = NO;
				DEBUG_INFORMATION_FORMAT = "dwarf-with-dsym";
				ENABLE_NS_ASSERTIONS = NO;
				ENABLE_STRICT_OBJC_MSGSEND = YES;
				GCC_C_LANGUAGE_STANDARD = gnu11;
				GCC_NO_COMMON_BLOCKS = YES;
				GCC_WARN_64_TO_32_BIT_CONVERSION = YES;
				GCC_WARN_ABOUT_RETURN_TYPE = YES_ERROR;
				GCC_WARN_UNDECLARED_SELECTOR = YES;
				GCC_WARN_UNINITIALIZED_AUTOS = YES_AGGRESSIVE;
				GCC_WARN_UNUSED_FUNCTION = YES;
				GCC_WARN_UNUSED_VARIABLE = YES;
				IPHONEOS_DEPLOYMENT_TARGET = 14.5;
				MTL_ENABLE_DEBUG_INFO = NO;
				MTL_FAST_MATH = YES;
				SDKROOT = iphoneos;
				SWIFT_COMPILATION_MODE = wholemodule;
				SWIFT_OPTIMIZATION_LEVEL = "-O";
				VALIDATE_PRODUCT = YES;
			};
			name = Release;
		};
		C8CFE9C726F23A9000323741 /* Debug */ = {
			isa = XCBuildConfiguration;
			baseConfigurationReference = DC1557BB4A232089D163F87A /* Pods-Daily-Jindan.debug.xcconfig */;
			buildSettings = {
				ASSETCATALOG_COMPILER_APPICON_NAME = AppIcon;
				ASSETCATALOG_COMPILER_GLOBAL_ACCENT_COLOR_NAME = AccentColor;
				CODE_SIGN_STYLE = Automatic;
				DEVELOPMENT_TEAM = ZW43FFWC7M;
				INFOPLIST_FILE = "Daily-Jindan/Info.plist";
				LD_RUNPATH_SEARCH_PATHS = (
					"$(inherited)",
					"@executable_path/Frameworks",
				);
				PRODUCT_BUNDLE_IDENTIFIER = com.FirebaseTest.list;
				PRODUCT_NAME = "$(TARGET_NAME)";
				SWIFT_VERSION = 5.0;
				TARGETED_DEVICE_FAMILY = "1,2";
			};
			name = Debug;
		};
		C8CFE9C826F23A9000323741 /* Release */ = {
			isa = XCBuildConfiguration;
			baseConfigurationReference = E56EB55D60DBF76F61D56F10 /* Pods-Daily-Jindan.release.xcconfig */;
			buildSettings = {
				ASSETCATALOG_COMPILER_APPICON_NAME = AppIcon;
				ASSETCATALOG_COMPILER_GLOBAL_ACCENT_COLOR_NAME = AccentColor;
				CODE_SIGN_STYLE = Automatic;
				DEVELOPMENT_TEAM = ZW43FFWC7M;
				INFOPLIST_FILE = "Daily-Jindan/Info.plist";
				LD_RUNPATH_SEARCH_PATHS = (
					"$(inherited)",
					"@executable_path/Frameworks",
				);
				PRODUCT_BUNDLE_IDENTIFIER = com.FirebaseTest.list;
				PRODUCT_NAME = "$(TARGET_NAME)";
				SWIFT_VERSION = 5.0;
				TARGETED_DEVICE_FAMILY = "1,2";
			};
			name = Release;
		};
/* End XCBuildConfiguration section */

/* Begin XCConfigurationList section */
		C8CFE9AD26F23A8E00323741 /* Build configuration list for PBXProject "Daily-Jindan" */ = {
			isa = XCConfigurationList;
			buildConfigurations = (
				C8CFE9C426F23A9000323741 /* Debug */,
				C8CFE9C526F23A9000323741 /* Release */,
			);
			defaultConfigurationIsVisible = 0;
			defaultConfigurationName = Release;
		};
		C8CFE9C626F23A9000323741 /* Build configuration list for PBXNativeTarget "Daily-Jindan" */ = {
			isa = XCConfigurationList;
			buildConfigurations = (
				C8CFE9C726F23A9000323741 /* Debug */,
				C8CFE9C826F23A9000323741 /* Release */,
			);
			defaultConfigurationIsVisible = 0;
			defaultConfigurationName = Release;
		};
/* End XCConfigurationList section */
	};
	rootObject = C8CFE9AA26F23A8E00323741 /* Project object */;
}
